{
  "name": "typescript-api-scaffolding",
  "version": "1.0.0",
  "lockfileVersion": 1,
  "requires": true,
  "dependencies": {
    "tsc-node": {
      "version": "0.0.3",
      "resolved": "https://registry.npmjs.org/tsc-node/-/tsc-node-0.0.3.tgz",
      "integrity": "sha1-PiYZkHY2ZEtPxqPC1mAm+fZlqdo=",
      "dev": true,
      "requires": {
        "typescript": "^2.1.5"
      },
      "dependencies": {
        "typescript": {
          "version": "2.9.2",
          "resolved": "https://registry.npmjs.org/typescript/-/typescript-2.9.2.tgz",
          "integrity": "sha512-Gr4p6nFNaoufRIY4NMdpQRNmgxVIGMs4Fcu/ujdYk3nAZqk7supzBE9idmvfZIlH/Cuj//dvi+019qEue9lV0w==",
          "dev": true
        }
      }
    },
    "typescript": {
      "version": "3.6.2",
      "resolved": "https://registry.npmjs.org/typescript/-/typescript-3.6.2.tgz",
      "integrity": "sha512-lmQ4L+J6mnu3xweP8+rOrUwzmN+MRAj7TgtJtDaXE5PMyX2kCrklhg3rvOsOIfNeAWMQWO2F1GPc1kMD2vLAfw==",
      "dev": true
    }
  }
}
